// !$*UTF8*$!
{
	archiveVersion = 1;
	classes = {
	};
	objectVersion = 50;
	objects = {

/* Begin PBXBuildFile section */
		7506A86F2185C55300B51E3E /* MultipeerCommunicator.swift in Sources */ = {isa = PBXBuildFile; fileRef = 7506A86E2185C55300B51E3E /* MultipeerCommunicator.swift */; };
		7506A8712185E80200B51E3E /* CommunicationManager.swift in Sources */ = {isa = PBXBuildFile; fileRef = 7506A8702185E80200B51E3E /* CommunicationManager.swift */; };
		7506A873218633A800B51E3E /* UIViewController+ShowAlert.swift in Sources */ = {isa = PBXBuildFile; fileRef = 7506A872218633A800B51E3E /* UIViewController+ShowAlert.swift */; };
		7506A875218634FA00B51E3E /* UIViewController+Keyboard.swift in Sources */ = {isa = PBXBuildFile; fileRef = 7506A874218634FA00B51E3E /* UIViewController+Keyboard.swift */; };
		7506A8772186360000B51E3E /* MessagesStorage.swift in Sources */ = {isa = PBXBuildFile; fileRef = 7506A8762186360000B51E3E /* MessagesStorage.swift */; };
		752A4D4B2172A312002A2DC5 /* ThemesViewController.m in Sources */ = {isa = PBXBuildFile; fileRef = 752A4D4A2172A312002A2DC5 /* ThemesViewController.m */; };
		756DD029217371A200AF2E8E /* UserDefaults+SaveColor.swift in Sources */ = {isa = PBXBuildFile; fileRef = 756DD028217371A200AF2E8E /* UserDefaults+SaveColor.swift */; };
		756DD02B217396F300AF2E8E /* ThemesViewControllerSwift.swift in Sources */ = {isa = PBXBuildFile; fileRef = 756DD02A217396F300AF2E8E /* ThemesViewControllerSwift.swift */; };
		757500F62169388400F5A046 /* ConversationsListViewController.swift in Sources */ = {isa = PBXBuildFile; fileRef = 757500F52169388400F5A046 /* ConversationsListViewController.swift */; };
		757500F8216938A200F5A046 /* ConversationViewController.swift in Sources */ = {isa = PBXBuildFile; fileRef = 757500F7216938A200F5A046 /* ConversationViewController.swift */; };
		757500FA21693F7A00F5A046 /* ConversationTableViewCell.swift in Sources */ = {isa = PBXBuildFile; fileRef = 757500F921693F7A00F5A046 /* ConversationTableViewCell.swift */; };
		757500FE2169589F00F5A046 /* Date+getDatetimeString.swift in Sources */ = {isa = PBXBuildFile; fileRef = 757500FD2169589F00F5A046 /* Date+getDatetimeString.swift */; };
		7575010021695C7000F5A046 /* Conversation.swift in Sources */ = {isa = PBXBuildFile; fileRef = 757500FF21695C7000F5A046 /* Conversation.swift */; };
		7575010221695D0F00F5A046 /* ConversationsManager.swift in Sources */ = {isa = PBXBuildFile; fileRef = 7575010121695D0F00F5A046 /* ConversationsManager.swift */; };
		75750104216A255500F5A046 /* ConversationListTableViewCell.swift in Sources */ = {isa = PBXBuildFile; fileRef = 75750103216A255500F5A046 /* ConversationListTableViewCell.swift */; };
		75750106216A30C600F5A046 /* Message.swift in Sources */ = {isa = PBXBuildFile; fileRef = 75750105216A30C600F5A046 /* Message.swift */; };
		75750108216A47C600F5A046 /* TableView+Scrolls.swift in Sources */ = {isa = PBXBuildFile; fileRef = 75750107216A47C600F5A046 /* TableView+Scrolls.swift */; };
		758D7C8C215808FD00DA3774 /* AppDelegate.swift in Sources */ = {isa = PBXBuildFile; fileRef = 758D7C8B215808FD00DA3774 /* AppDelegate.swift */; };
		758D7C8E215808FD00DA3774 /* ProfileViewController.swift in Sources */ = {isa = PBXBuildFile; fileRef = 758D7C8D215808FD00DA3774 /* ProfileViewController.swift */; };
		758D7C91215808FD00DA3774 /* Main.storyboard in Resources */ = {isa = PBXBuildFile; fileRef = 758D7C8F215808FD00DA3774 /* Main.storyboard */; };
		758D7C93215808FE00DA3774 /* Assets.xcassets in Resources */ = {isa = PBXBuildFile; fileRef = 758D7C92215808FE00DA3774 /* Assets.xcassets */; };
		758D7C96215808FE00DA3774 /* LaunchScreen.storyboard in Resources */ = {isa = PBXBuildFile; fileRef = 758D7C94215808FE00DA3774 /* LaunchScreen.storyboard */; };
		758D7CA3215821E100DA3774 /* AppConfiguration.swift in Sources */ = {isa = PBXBuildFile; fileRef = 758D7CA2215821E100DA3774 /* AppConfiguration.swift */; };
		75B68CFB217CD22300565273 /* GCDDataManager.swift in Sources */ = {isa = PBXBuildFile; fileRef = 75B68CFA217CD22300565273 /* GCDDataManager.swift */; };
		75B68CFD217CD24500565273 /* OperationDataManager.swift in Sources */ = {isa = PBXBuildFile; fileRef = 75B68CFC217CD24500565273 /* OperationDataManager.swift */; };
		75B68CFF217CFBA800565273 /* DataManager.swift in Sources */ = {isa = PBXBuildFile; fileRef = 75B68CFE217CFBA800565273 /* DataManager.swift */; };
		75BF35D72172B64D00B2DBF9 /* Theme.m in Sources */ = {isa = PBXBuildFile; fileRef = 75BF35D62172B64D00B2DBF9 /* Theme.m */; };
/* End PBXBuildFile section */

/* Begin PBXFileReference section */
		7506A86E2185C55300B51E3E /* MultipeerCommunicator.swift */ = {isa = PBXFileReference; lastKnownFileType = sourcecode.swift; path = MultipeerCommunicator.swift; sourceTree = "<group>"; };
		7506A8702185E80200B51E3E /* CommunicationManager.swift */ = {isa = PBXFileReference; lastKnownFileType = sourcecode.swift; path = CommunicationManager.swift; sourceTree = "<group>"; };
		7506A872218633A800B51E3E /* UIViewController+ShowAlert.swift */ = {isa = PBXFileReference; lastKnownFileType = sourcecode.swift; path = "UIViewController+ShowAlert.swift"; sourceTree = "<group>"; };
		7506A874218634FA00B51E3E /* UIViewController+Keyboard.swift */ = {isa = PBXFileReference; lastKnownFileType = sourcecode.swift; path = "UIViewController+Keyboard.swift"; sourceTree = "<group>"; };
		7506A8762186360000B51E3E /* MessagesStorage.swift */ = {isa = PBXFileReference; lastKnownFileType = sourcecode.swift; path = MessagesStorage.swift; sourceTree = "<group>"; };
		752A4D482172A312002A2DC5 /* TinkoffChat-Bridging-Header.h */ = {isa = PBXFileReference; lastKnownFileType = sourcecode.c.h; path = "TinkoffChat-Bridging-Header.h"; sourceTree = "<group>"; };
		752A4D492172A312002A2DC5 /* ThemesViewController.h */ = {isa = PBXFileReference; lastKnownFileType = sourcecode.c.h; path = ThemesViewController.h; sourceTree = "<group>"; };
		752A4D4A2172A312002A2DC5 /* ThemesViewController.m */ = {isa = PBXFileReference; lastKnownFileType = sourcecode.c.objc; path = ThemesViewController.m; sourceTree = "<group>"; };
		756DD028217371A200AF2E8E /* UserDefaults+SaveColor.swift */ = {isa = PBXFileReference; lastKnownFileType = sourcecode.swift; path = "UserDefaults+SaveColor.swift"; sourceTree = "<group>"; };
		756DD02A217396F300AF2E8E /* ThemesViewControllerSwift.swift */ = {isa = PBXFileReference; lastKnownFileType = sourcecode.swift; path = ThemesViewControllerSwift.swift; sourceTree = "<group>"; };
		757500F52169388400F5A046 /* ConversationsListViewController.swift */ = {isa = PBXFileReference; lastKnownFileType = sourcecode.swift; path = ConversationsListViewController.swift; sourceTree = "<group>"; };
		757500F7216938A200F5A046 /* ConversationViewController.swift */ = {isa = PBXFileReference; lastKnownFileType = sourcecode.swift; path = ConversationViewController.swift; sourceTree = "<group>"; };
		757500F921693F7A00F5A046 /* ConversationTableViewCell.swift */ = {isa = PBXFileReference; lastKnownFileType = sourcecode.swift; path = ConversationTableViewCell.swift; sourceTree = "<group>"; };
		757500FD2169589F00F5A046 /* Date+getDatetimeString.swift */ = {isa = PBXFileReference; lastKnownFileType = sourcecode.swift; path = "Date+getDatetimeString.swift"; sourceTree = "<group>"; };
		757500FF21695C7000F5A046 /* Conversation.swift */ = {isa = PBXFileReference; lastKnownFileType = sourcecode.swift; path = Conversation.swift; sourceTree = "<group>"; };
		7575010121695D0F00F5A046 /* ConversationsManager.swift */ = {isa = PBXFileReference; lastKnownFileType = sourcecode.swift; path = ConversationsManager.swift; sourceTree = "<group>"; };
		75750103216A255500F5A046 /* ConversationListTableViewCell.swift */ = {isa = PBXFileReference; lastKnownFileType = sourcecode.swift; path = ConversationListTableViewCell.swift; sourceTree = "<group>"; };
		75750105216A30C600F5A046 /* Message.swift */ = {isa = PBXFileReference; lastKnownFileType = sourcecode.swift; path = Message.swift; sourceTree = "<group>"; };
		75750107216A47C600F5A046 /* TableView+Scrolls.swift */ = {isa = PBXFileReference; lastKnownFileType = sourcecode.swift; path = "TableView+Scrolls.swift"; sourceTree = "<group>"; };
		758D7C88215808FD00DA3774 /* TinkoffChat.app */ = {isa = PBXFileReference; explicitFileType = wrapper.application; includeInIndex = 0; path = TinkoffChat.app; sourceTree = BUILT_PRODUCTS_DIR; };
		758D7C8B215808FD00DA3774 /* AppDelegate.swift */ = {isa = PBXFileReference; lastKnownFileType = sourcecode.swift; path = AppDelegate.swift; sourceTree = "<group>"; };
		758D7C8D215808FD00DA3774 /* ProfileViewController.swift */ = {isa = PBXFileReference; lastKnownFileType = sourcecode.swift; path = ProfileViewController.swift; sourceTree = "<group>"; };
		758D7C90215808FD00DA3774 /* Base */ = {isa = PBXFileReference; lastKnownFileType = file.storyboard; name = Base; path = Base.lproj/Main.storyboard; sourceTree = "<group>"; };
		758D7C92215808FE00DA3774 /* Assets.xcassets */ = {isa = PBXFileReference; lastKnownFileType = folder.assetcatalog; path = Assets.xcassets; sourceTree = "<group>"; };
		758D7C95215808FE00DA3774 /* Base */ = {isa = PBXFileReference; lastKnownFileType = file.storyboard; name = Base; path = Base.lproj/LaunchScreen.storyboard; sourceTree = "<group>"; };
		758D7C97215808FE00DA3774 /* Info.plist */ = {isa = PBXFileReference; lastKnownFileType = text.plist.xml; path = Info.plist; sourceTree = "<group>"; };
		758D7CA2215821E100DA3774 /* AppConfiguration.swift */ = {isa = PBXFileReference; lastKnownFileType = sourcecode.swift; path = AppConfiguration.swift; sourceTree = "<group>"; };
		75B68CFA217CD22300565273 /* GCDDataManager.swift */ = {isa = PBXFileReference; lastKnownFileType = sourcecode.swift; path = GCDDataManager.swift; sourceTree = "<group>"; };
		75B68CFC217CD24500565273 /* OperationDataManager.swift */ = {isa = PBXFileReference; lastKnownFileType = sourcecode.swift; path = OperationDataManager.swift; sourceTree = "<group>"; };
		75B68CFE217CFBA800565273 /* DataManager.swift */ = {isa = PBXFileReference; lastKnownFileType = sourcecode.swift; path = DataManager.swift; sourceTree = "<group>"; };
		75BF35D52172B64D00B2DBF9 /* Theme.h */ = {isa = PBXFileReference; lastKnownFileType = sourcecode.c.h; path = Theme.h; sourceTree = "<group>"; };
		75BF35D62172B64D00B2DBF9 /* Theme.m */ = {isa = PBXFileReference; lastKnownFileType = sourcecode.c.objc; path = Theme.m; sourceTree = "<group>"; };
/* End PBXFileReference section */

/* Begin PBXFrameworksBuildPhase section */
		758D7C85215808FD00DA3774 /* Frameworks */ = {
			isa = PBXFrameworksBuildPhase;
			buildActionMask = 2147483647;
			files = (
			);
			runOnlyForDeploymentPostprocessing = 0;
		};
/* End PBXFrameworksBuildPhase section */

/* Begin PBXGroup section */
		757500F12169380400F5A046 /* Controllers */ = {
			isa = PBXGroup;
			children = (
				758D7C8B215808FD00DA3774 /* AppDelegate.swift */,
				758D7C8D215808FD00DA3774 /* ProfileViewController.swift */,
				757500F52169388400F5A046 /* ConversationsListViewController.swift */,
				757500F7216938A200F5A046 /* ConversationViewController.swift */,
				757500F921693F7A00F5A046 /* ConversationTableViewCell.swift */,
				75750103216A255500F5A046 /* ConversationListTableViewCell.swift */,
				752A4D492172A312002A2DC5 /* ThemesViewController.h */,
				752A4D4A2172A312002A2DC5 /* ThemesViewController.m */,
				752A4D482172A312002A2DC5 /* TinkoffChat-Bridging-Header.h */,
				756DD02A217396F300AF2E8E /* ThemesViewControllerSwift.swift */,
			);
			path = Controllers;
			sourceTree = "<group>";
		};
		757500F22169381A00F5A046 /* Views */ = {
			isa = PBXGroup;
			children = (
				758D7C8F215808FD00DA3774 /* Main.storyboard */,
				758D7C94215808FE00DA3774 /* LaunchScreen.storyboard */,
			);
			path = Views;
			sourceTree = "<group>";
		};
		757500F32169382600F5A046 /* Supporting */ = {
			isa = PBXGroup;
			children = (
				758D7CA2215821E100DA3774 /* AppConfiguration.swift */,
				758D7C92215808FE00DA3774 /* Assets.xcassets */,
				758D7C97215808FE00DA3774 /* Info.plist */,
			);
			path = Supporting;
			sourceTree = "<group>";
		};
		757500F42169386A00F5A046 /* Models */ = {
			isa = PBXGroup;
			children = (
				757500FF21695C7000F5A046 /* Conversation.swift */,
				7575010121695D0F00F5A046 /* ConversationsManager.swift */,
				75750105216A30C600F5A046 /* Message.swift */,
				75BF35D52172B64D00B2DBF9 /* Theme.h */,
				75BF35D62172B64D00B2DBF9 /* Theme.m */,
				75B68CFA217CD22300565273 /* GCDDataManager.swift */,
				75B68CFC217CD24500565273 /* OperationDataManager.swift */,
				75B68CFE217CFBA800565273 /* DataManager.swift */,
				7506A86E2185C55300B51E3E /* MultipeerCommunicator.swift */,
				7506A8702185E80200B51E3E /* CommunicationManager.swift */,
				7506A8762186360000B51E3E /* MessagesStorage.swift */,
			);
			path = Models;
			sourceTree = "<group>";
		};
		758D7C7F215808FD00DA3774 = {
			isa = PBXGroup;
			children = (
				758D7C8A215808FD00DA3774 /* TinkoffChat */,
				758D7C89215808FD00DA3774 /* Products */,
			);
			sourceTree = "<group>";
		};
		758D7C89215808FD00DA3774 /* Products */ = {
			isa = PBXGroup;
			children = (
				758D7C88215808FD00DA3774 /* TinkoffChat.app */,
			);
			name = Products;
			sourceTree = "<group>";
		};
		758D7C8A215808FD00DA3774 /* TinkoffChat */ = {
			isa = PBXGroup;
			children = (
				757500F42169386A00F5A046 /* Models */,
				757500F22169381A00F5A046 /* Views */,
				757500F12169380400F5A046 /* Controllers */,
				758D7CA821582F5100DA3774 /* Extensions */,
				757500F32169382600F5A046 /* Supporting */,
			);
			path = TinkoffChat;
			sourceTree = "<group>";
		};
		758D7CA821582F5100DA3774 /* Extensions */ = {
			isa = PBXGroup;
			children = (
				757500FD2169589F00F5A046 /* Date+getDatetimeString.swift */,
				75750107216A47C600F5A046 /* TableView+Scrolls.swift */,
				756DD028217371A200AF2E8E /* UserDefaults+SaveColor.swift */,
				7506A872218633A800B51E3E /* UIViewController+ShowAlert.swift */,
				7506A874218634FA00B51E3E /* UIViewController+Keyboard.swift */,
			);
			path = Extensions;
			sourceTree = "<group>";
		};
/* End PBXGroup section */

/* Begin PBXNativeTarget section */
		758D7C87215808FD00DA3774 /* TinkoffChat */ = {
			isa = PBXNativeTarget;
			buildConfigurationList = 758D7C9A215808FE00DA3774 /* Build configuration list for PBXNativeTarget "TinkoffChat" */;
			buildPhases = (
				758D7C84215808FD00DA3774 /* Sources */,
				758D7C85215808FD00DA3774 /* Frameworks */,
				758D7C86215808FD00DA3774 /* Resources */,
			);
			buildRules = (
			);
			dependencies = (
			);
			name = TinkoffChat;
			productName = smartChat;
			productReference = 758D7C88215808FD00DA3774 /* TinkoffChat.app */;
			productType = "com.apple.product-type.application";
		};
/* End PBXNativeTarget section */

/* Begin PBXProject section */
		758D7C80215808FD00DA3774 /* Project object */ = {
			isa = PBXProject;
			attributes = {
				LastSwiftUpdateCheck = 0940;
				LastUpgradeCheck = 0940;
				ORGANIZATIONNAME = "Artur Sardaryan";
				TargetAttributes = {
					758D7C87215808FD00DA3774 = {
						CreatedOnToolsVersion = 9.4;
						LastSwiftMigration = 1000;
					};
				};
			};
			buildConfigurationList = 758D7C83215808FD00DA3774 /* Build configuration list for PBXProject "TinkoffChat" */;
			compatibilityVersion = "Xcode 9.3";
			developmentRegion = en;
			hasScannedForEncodings = 0;
			knownRegions = (
				en,
				Base,
			);
			mainGroup = 758D7C7F215808FD00DA3774;
			productRefGroup = 758D7C89215808FD00DA3774 /* Products */;
			projectDirPath = "";
			projectRoot = "";
			targets = (
				758D7C87215808FD00DA3774 /* TinkoffChat */,
			);
		};
/* End PBXProject section */

/* Begin PBXResourcesBuildPhase section */
		758D7C86215808FD00DA3774 /* Resources */ = {
			isa = PBXResourcesBuildPhase;
			buildActionMask = 2147483647;
			files = (
				758D7C96215808FE00DA3774 /* LaunchScreen.storyboard in Resources */,
				758D7C93215808FE00DA3774 /* Assets.xcassets in Resources */,
				758D7C91215808FD00DA3774 /* Main.storyboard in Resources */,
			);
			runOnlyForDeploymentPostprocessing = 0;
		};
/* End PBXResourcesBuildPhase section */

/* Begin PBXSourcesBuildPhase section */
		758D7C84215808FD00DA3774 /* Sources */ = {
			isa = PBXSourcesBuildPhase;
			buildActionMask = 2147483647;
			files = (
				7506A875218634FA00B51E3E /* UIViewController+Keyboard.swift in Sources */,
				756DD029217371A200AF2E8E /* UserDefaults+SaveColor.swift in Sources */,
				7575010021695C7000F5A046 /* Conversation.swift in Sources */,
				7506A873218633A800B51E3E /* UIViewController+ShowAlert.swift in Sources */,
				757500FE2169589F00F5A046 /* Date+getDatetimeString.swift in Sources */,
				7506A8772186360000B51E3E /* MessagesStorage.swift in Sources */,
				7575010221695D0F00F5A046 /* ConversationsManager.swift in Sources */,
				7506A8712185E80200B51E3E /* CommunicationManager.swift in Sources */,
				757500F8216938A200F5A046 /* ConversationViewController.swift in Sources */,
				75B68CFB217CD22300565273 /* GCDDataManager.swift in Sources */,
				758D7C8E215808FD00DA3774 /* ProfileViewController.swift in Sources */,
				757500FA21693F7A00F5A046 /* ConversationTableViewCell.swift in Sources */,
				75750106216A30C600F5A046 /* Message.swift in Sources */,
				75BF35D72172B64D00B2DBF9 /* Theme.m in Sources */,
				7506A86F2185C55300B51E3E /* MultipeerCommunicator.swift in Sources */,
				758D7CA3215821E100DA3774 /* AppConfiguration.swift in Sources */,
				75750108216A47C600F5A046 /* TableView+Scrolls.swift in Sources */,
				75750104216A255500F5A046 /* ConversationListTableViewCell.swift in Sources */,
				756DD02B217396F300AF2E8E /* ThemesViewControllerSwift.swift in Sources */,
				75B68CFF217CFBA800565273 /* DataManager.swift in Sources */,
				757500F62169388400F5A046 /* ConversationsListViewController.swift in Sources */,
				758D7C8C215808FD00DA3774 /* AppDelegate.swift in Sources */,
				752A4D4B2172A312002A2DC5 /* ThemesViewController.m in Sources */,
				75B68CFD217CD24500565273 /* OperationDataManager.swift in Sources */,
			);
			runOnlyForDeploymentPostprocessing = 0;
		};
/* End PBXSourcesBuildPhase section */

/* Begin PBXVariantGroup section */
		758D7C8F215808FD00DA3774 /* Main.storyboard */ = {
			isa = PBXVariantGroup;
			children = (
				758D7C90215808FD00DA3774 /* Base */,
			);
			name = Main.storyboard;
			sourceTree = "<group>";
		};
		758D7C94215808FE00DA3774 /* LaunchScreen.storyboard */ = {
			isa = PBXVariantGroup;
			children = (
				758D7C95215808FE00DA3774 /* Base */,
			);
			name = LaunchScreen.storyboard;
			sourceTree = "<group>";
		};
/* End PBXVariantGroup section */

/* Begin XCBuildConfiguration section */
		758D7C98215808FE00DA3774 /* Debug */ = {
			isa = XCBuildConfiguration;
			buildSettings = {
				ALWAYS_SEARCH_USER_PATHS = NO;
				CLANG_ANALYZER_NONNULL = YES;
				CLANG_ANALYZER_NUMBER_OBJECT_CONVERSION = YES_AGGRESSIVE;
				CLANG_CXX_LANGUAGE_STANDARD = "gnu++14";
				CLANG_CXX_LIBRARY = "libc++";
				CLANG_ENABLE_MODULES = YES;
				CLANG_ENABLE_OBJC_ARC = YES;
				CLANG_ENABLE_OBJC_WEAK = YES;
				CLANG_WARN_BLOCK_CAPTURE_AUTORELEASING = YES;
				CLANG_WARN_BOOL_CONVERSION = YES;
				CLANG_WARN_COMMA = YES;
				CLANG_WARN_CONSTANT_CONVERSION = YES;
				CLANG_WARN_DEPRECATED_OBJC_IMPLEMENTATIONS = YES;
				CLANG_WARN_DIRECT_OBJC_ISA_USAGE = YES_ERROR;
				CLANG_WARN_DOCUMENTATION_COMMENTS = YES;
				CLANG_WARN_EMPTY_BODY = YES;
				CLANG_WARN_ENUM_CONVERSION = YES;
				CLANG_WARN_INFINITE_RECURSION = YES;
				CLANG_WARN_INT_CONVERSION = YES;
				CLANG_WARN_NON_LITERAL_NULL_CONVERSION = YES;
				CLANG_WARN_OBJC_IMPLICIT_RETAIN_SELF = YES;
				CLANG_WARN_OBJC_LITERAL_CONVERSION = YES;
				CLANG_WARN_OBJC_ROOT_CLASS = YES_ERROR;
				CLANG_WARN_RANGE_LOOP_ANALYSIS = YES;
				CLANG_WARN_STRICT_PROTOTYPES = YES;
				CLANG_WARN_SUSPICIOUS_MOVE = YES;
				CLANG_WARN_UNGUARDED_AVAILABILITY = YES_AGGRESSIVE;
				CLANG_WARN_UNREACHABLE_CODE = YES;
				CLANG_WARN__DUPLICATE_METHOD_MATCH = YES;
				CODE_SIGN_IDENTITY = "iPhone Developer";
				COPY_PHASE_STRIP = NO;
				DEBUG_INFORMATION_FORMAT = dwarf;
				ENABLE_STRICT_OBJC_MSGSEND = YES;
				ENABLE_TESTABILITY = YES;
				GCC_C_LANGUAGE_STANDARD = gnu11;
				GCC_DYNAMIC_NO_PIC = NO;
				GCC_NO_COMMON_BLOCKS = YES;
				GCC_OPTIMIZATION_LEVEL = 0;
				GCC_PREPROCESSOR_DEFINITIONS = (
					"DEBUG=1",
					"$(inherited)",
				);
				GCC_WARN_64_TO_32_BIT_CONVERSION = YES;
				GCC_WARN_ABOUT_RETURN_TYPE = YES_ERROR;
				GCC_WARN_UNDECLARED_SELECTOR = YES;
				GCC_WARN_UNINITIALIZED_AUTOS = YES_AGGRESSIVE;
				GCC_WARN_UNUSED_FUNCTION = YES;
				GCC_WARN_UNUSED_VARIABLE = YES;
				IPHONEOS_DEPLOYMENT_TARGET = 11.4;
				MTL_ENABLE_DEBUG_INFO = YES;
				ONLY_ACTIVE_ARCH = YES;
				SDKROOT = iphoneos;
				SWIFT_ACTIVE_COMPILATION_CONDITIONS = DEBUG;
				SWIFT_OPTIMIZATION_LEVEL = "-Onone";
			};
			name = Debug;
		};
		758D7C99215808FE00DA3774 /* Release */ = {
			isa = XCBuildConfiguration;
			buildSettings = {
				ALWAYS_SEARCH_USER_PATHS = NO;
				CLANG_ANALYZER_NONNULL = YES;
				CLANG_ANALYZER_NUMBER_OBJECT_CONVERSION = YES_AGGRESSIVE;
				CLANG_CXX_LANGUAGE_STANDARD = "gnu++14";
				CLANG_CXX_LIBRARY = "libc++";
				CLANG_ENABLE_MODULES = YES;
				CLANG_ENABLE_OBJC_ARC = YES;
				CLANG_ENABLE_OBJC_WEAK = YES;
				CLANG_WARN_BLOCK_CAPTURE_AUTORELEASING = YES;
				CLANG_WARN_BOOL_CONVERSION = YES;
				CLANG_WARN_COMMA = YES;
				CLANG_WARN_CONSTANT_CONVERSION = YES;
				CLANG_WARN_DEPRECATED_OBJC_IMPLEMENTATIONS = YES;
				CLANG_WARN_DIRECT_OBJC_ISA_USAGE = YES_ERROR;
				CLANG_WARN_DOCUMENTATION_COMMENTS = YES;
				CLANG_WARN_EMPTY_BODY = YES;
				CLANG_WARN_ENUM_CONVERSION = YES;
				CLANG_WARN_INFINITE_RECURSION = YES;
				CLANG_WARN_INT_CONVERSION = YES;
				CLANG_WARN_NON_LITERAL_NULL_CONVERSION = YES;
				CLANG_WARN_OBJC_IMPLICIT_RETAIN_SELF = YES;
				CLANG_WARN_OBJC_LITERAL_CONVERSION = YES;
				CLANG_WARN_OBJC_ROOT_CLASS = YES_ERROR;
				CLANG_WARN_RANGE_LOOP_ANALYSIS = YES;
				CLANG_WARN_STRICT_PROTOTYPES = YES;
				CLANG_WARN_SUSPICIOUS_MOVE = YES;
				CLANG_WARN_UNGUARDED_AVAILABILITY = YES_AGGRESSIVE;
				CLANG_WARN_UNREACHABLE_CODE = YES;
				CLANG_WARN__DUPLICATE_METHOD_MATCH = YES;
				CODE_SIGN_IDENTITY = "iPhone Developer";
				COPY_PHASE_STRIP = NO;
				DEBUG_INFORMATION_FORMAT = "dwarf-with-dsym";
				ENABLE_NS_ASSERTIONS = NO;
				ENABLE_STRICT_OBJC_MSGSEND = YES;
				GCC_C_LANGUAGE_STANDARD = gnu11;
				GCC_NO_COMMON_BLOCKS = YES;
				GCC_WARN_64_TO_32_BIT_CONVERSION = YES;
				GCC_WARN_ABOUT_RETURN_TYPE = YES_ERROR;
				GCC_WARN_UNDECLARED_SELECTOR = YES;
				GCC_WARN_UNINITIALIZED_AUTOS = YES_AGGRESSIVE;
				GCC_WARN_UNUSED_FUNCTION = YES;
				GCC_WARN_UNUSED_VARIABLE = YES;
				IPHONEOS_DEPLOYMENT_TARGET = 11.4;
				MTL_ENABLE_DEBUG_INFO = NO;
				SDKROOT = iphoneos;
				SWIFT_COMPILATION_MODE = wholemodule;
				SWIFT_OPTIMIZATION_LEVEL = "-O";
				VALIDATE_PRODUCT = YES;
			};
			name = Release;
		};
		758D7C9B215808FE00DA3774 /* Debug */ = {
			isa = XCBuildConfiguration;
			buildSettings = {
				ASSETCATALOG_COMPILER_APPICON_NAME = AppIcon;
				CLANG_ENABLE_MODULES = YES;
				CLANG_ENABLE_OBJC_ARC = NO;
				CODE_SIGN_STYLE = Automatic;
				DEVELOPMENT_TEAM = 335M2TB27W;
				INFOPLIST_FILE = "$(SRCROOT)/TinkoffChat/Supporting/Info.plist";
				IPHONEOS_DEPLOYMENT_TARGET = 11.0;
				LD_RUNPATH_SEARCH_PATHS = (
					"$(inherited)",
					"@executable_path/Frameworks",
				);
				PRODUCT_BUNDLE_IDENTIFIER = com.sardart.tinkoffchat;
				PRODUCT_NAME = "$(TARGET_NAME)";
				SWIFT_OBJC_BRIDGING_HEADER = "TinkoffChat/Controllers/TinkoffChat-Bridging-Header.h";
				SWIFT_OPTIMIZATION_LEVEL = "-Onone";
				SWIFT_VERSION = 4.0;
				TARGETED_DEVICE_FAMILY = 1;
			};
			name = Debug;
		};
		758D7C9C215808FE00DA3774 /* Release */ = {
			isa = XCBuildConfiguration;
			buildSettings = {
				ASSETCATALOG_COMPILER_APPICON_NAME = AppIcon;
				CLANG_ENABLE_MODULES = YES;
				CLANG_ENABLE_OBJC_ARC = NO;
				CODE_SIGN_STYLE = Automatic;
				DEVELOPMENT_TEAM = 335M2TB27W;
				INFOPLIST_FILE = "$(SRCROOT)/TinkoffChat/Supporting/Info.plist";
				IPHONEOS_DEPLOYMENT_TARGET = 11.0;
				LD_RUNPATH_SEARCH_PATHS = (
					"$(inherited)",
					"@executable_path/Frameworks",
				);
				PRODUCT_BUNDLE_IDENTIFIER = com.sardart.tinkoffchat;
				PRODUCT_NAME = "$(TARGET_NAME)";
				SWIFT_OBJC_BRIDGING_HEADER = "TinkoffChat/Controllers/TinkoffChat-Bridging-Header.h";
				SWIFT_VERSION = 4.0;
				TARGETED_DEVICE_FAMILY = 1;
			};
			name = Release;
		};
/* End XCBuildConfiguration section */

/* Begin XCConfigurationList section */
		758D7C83215808FD00DA3774 /* Build configuration list for PBXProject "TinkoffChat" */ = {
			isa = XCConfigurationList;
			buildConfigurations = (
				758D7C98215808FE00DA3774 /* Debug */,
				758D7C99215808FE00DA3774 /* Release */,
			);
			defaultConfigurationIsVisible = 0;
			defaultConfigurationName = Release;
		};
		758D7C9A215808FE00DA3774 /* Build configuration list for PBXNativeTarget "TinkoffChat" */ = {
			isa = XCConfigurationList;
			buildConfigurations = (
				758D7C9B215808FE00DA3774 /* Debug */,
				758D7C9C215808FE00DA3774 /* Release */,
			);
			defaultConfigurationIsVisible = 0;
			defaultConfigurationName = Release;
		};
/* End XCConfigurationList section */
	};
	rootObject = 758D7C80215808FD00DA3774 /* Project object */;
}
